
Microsoft Visual Studio Solution File, Format Version 12.00
# Visual Studio Version 17
VisualStudioVersion = 17.12.35506.116 d17.12
MinimumVisualStudioVersion = 10.0.40219.1
Project("{FAE04EC0-301F-11D3-BF4B-00C04F79EFBC}") = "HttpForm", "HttpForm.csproj", "{EA6A8CB6-7233-4451-B1B0-3E5E5B20C593}"
EndProject
Global
	GlobalSection(SolutionConfigurationPlatforms) = preSolution
		Debug|Any CPU = Debug|Any CPU
		Release|Any CPU = Release|Any CPU
	EndGlobalSection
	GlobalSection(ProjectConfigurationPlatforms) = postSolution
		{EA6A8CB6-7233-4451-B1B0-3E5E5B20C593}.Debug|Any CPU.ActiveCfg = Debug|Any CPU
		{EA6A8CB6-7233-4451-B1B0-3E5E5B20C593}.Debug|Any CPU.Build.0 = Debug|Any CPU
		{EA6A8CB6-7233-4451-B1B0-3E5E5B20C593}.Release|Any CPU.ActiveCfg = Release|Any CPU
		{EA6A8CB6-7233-4451-B1B0-3E5E5B20C593}.Release|Any CPU.Build.0 = Release|Any CPU
	EndGlobalSection
	GlobalSection(SolutionProperties) = preSolution
		HideSolutionNode = FALSE
	EndGlobalSection
EndGlobal
